<Solution>
  <Project Path="HoneyDrunk.Payments.Abstractions/HoneyDrunk.Payments.Abstractions.csproj" />
  <Project Path="HoneyDrunk.Payments.Abstractions.Tests.Unit/HoneyDrunk.Payments.Abstractions.Tests.Unit.csproj" />
  <Project Path="HoneyDrunk.Payments.Stripe.Tests.Unit/HoneyDrunk.Payments.Stripe.Tests.Unit.csproj" />
  <Project Path="HoneyDrunk.Payments.Stripe/HoneyDrunk.Payments.Stripe.csproj" />
  <Project Path="HoneyDrunk.Payments.Tests.ProviderTesting/HoneyDrunk.Payments.Tests.ProviderTesting.csproj" />
</Solution>
